github.com/Raezil/atomicarena v1.2.4 h1:8UN4XlFvMIzLQif8ygELWU07CLl+HL2nYeHDUo5R8O0=
github.com/Raezil/atomicarena v1.2.4/go.mod h1:/rBVPXtzsKMeUWwGcJG2JYnX1x+vMv2VPUTezVAutHc=
github.com/Raezil/atomicarena v1.2.5 h1:a3+s4UwKF04XHKzOAqTaps/pbnTn5ElfN/Msz1amjeA=
github.com/Raezil/atomicarena v1.2.5/go.mod h1:/rBVPXtzsKMeUWwGcJG2JYnX1x+vMv2VPUTezVAutHc=
